
Microsoft Visual Studio Solution File, Format Version 12.00
# Visual Studio Version 17
VisualStudioVersion = 17.0.32112.339
MinimumVisualStudioVersion = 10.0.40219.1
Project("{FAE04EC0-301F-11D3-BF4B-00C04F79EFBC}") = "SimpleGeometry", "SimpleGeometry\SimpleGeometry.csproj", "{FCE101D7-F002-4A64-95D6-B01DD05C2315}"
EndProject
Global
	GlobalSection(SolutionConfigurationPlatforms) = preSolution
		Debug|Any CPU = Debug|Any CPU
		Release|Any CPU = Release|Any CPU
	EndGlobalSection
	GlobalSection(ProjectConfigurationPlatforms) = postSolution
		{FCE101D7-F002-4A64-95D6-B01DD05C2315}.Debug|Any CPU.ActiveCfg = Debug|Any CPU
		{FCE101D7-F002-4A64-95D6-B01DD05C2315}.Debug|Any CPU.Build.0 = Debug|Any CPU
		{FCE101D7-F002-4A64-95D6-B01DD05C2315}.Release|Any CPU.ActiveCfg = Release|Any CPU
		{FCE101D7-F002-4A64-95D6-B01DD05C2315}.Release|Any CPU.Build.0 = Release|Any CPU
	EndGlobalSection
	GlobalSection(SolutionProperties) = preSolution
		HideSolutionNode = FALSE
	EndGlobalSection
	GlobalSection(ExtensibilityGlobals) = postSolution
		SolutionGuid = {834DD1F5-93C3-4580-B0E5-10F28C4396CE}
	EndGlobalSection
EndGlobal
